
Microsoft Visual Studio Solution File, Format Version 12.00
# Visual Studio Version 17
VisualStudioVersion = 17.9.34616.47
MinimumVisualStudioVersion = 10.0.40219.1
Project("{FAE04EC0-301F-11D3-BF4B-00C04F79EFBC}") = "Drive", "Drive\Drive.csproj", "{B8F5A941-4048-4B1C-94DA-007F7E2A4008}"
EndProject
Global
	GlobalSection(SolutionConfigurationPlatforms) = preSolution
		Debug|Any CPU = Debug|Any CPU
		Release|Any CPU = Release|Any CPU
	EndGlobalSection
	GlobalSection(ProjectConfigurationPlatforms) = postSolution
		{B8F5A941-4048-4B1C-94DA-007F7E2A4008}.Debug|Any CPU.ActiveCfg = Debug|Any CPU
		{B8F5A941-4048-4B1C-94DA-007F7E2A4008}.Debug|Any CPU.Build.0 = Debug|Any CPU
		{B8F5A941-4048-4B1C-94DA-007F7E2A4008}.Release|Any CPU.ActiveCfg = Release|Any CPU
		{B8F5A941-4048-4B1C-94DA-007F7E2A4008}.Release|Any CPU.Build.0 = Release|Any CPU
	EndGlobalSection
	GlobalSection(SolutionProperties) = preSolution
		HideSolutionNode = FALSE
	EndGlobalSection
	GlobalSection(ExtensibilityGlobals) = postSolution
		SolutionGuid = {59E794F7-DE0A-4D7B-AE14-8EA689BEFF97}
	EndGlobalSection
EndGlobal
