
Microsoft Visual Studio Solution File, Format Version 12.00
# Visual Studio Version 17
VisualStudioVersion = 17.10.34607.79
MinimumVisualStudioVersion = 10.0.40219.1
Project("{FAE04EC0-301F-11D3-BF4B-00C04F79EFBC}") = "studentlist", "studentlist\studentlist.csproj", "{BB5505B6-5A87-4992-AE51-F59793BEEDB7}"
EndProject
Global
	GlobalSection(SolutionConfigurationPlatforms) = preSolution
		Debug|Any CPU = Debug|Any CPU
		Release|Any CPU = Release|Any CPU
	EndGlobalSection
	GlobalSection(ProjectConfigurationPlatforms) = postSolution
		{BB5505B6-5A87-4992-AE51-F59793BEEDB7}.Debug|Any CPU.ActiveCfg = Debug|Any CPU
		{BB5505B6-5A87-4992-AE51-F59793BEEDB7}.Debug|Any CPU.Build.0 = Debug|Any CPU
		{BB5505B6-5A87-4992-AE51-F59793BEEDB7}.Release|Any CPU.ActiveCfg = Release|Any CPU
		{BB5505B6-5A87-4992-AE51-F59793BEEDB7}.Release|Any CPU.Build.0 = Release|Any CPU
	EndGlobalSection
	GlobalSection(SolutionProperties) = preSolution
		HideSolutionNode = FALSE
	EndGlobalSection
	GlobalSection(ExtensibilityGlobals) = postSolution
		SolutionGuid = {E11DA887-D1E1-4851-A3AE-EF43A3F29871}
	EndGlobalSection
EndGlobal
