
Microsoft Visual Studio Solution File, Format Version 12.00
# Visual Studio Version 17
VisualStudioVersion = 17.9.34616.47
MinimumVisualStudioVersion = 10.0.40219.1
Project("{FAE04EC0-301F-11D3-BF4B-00C04F79EFBC}") = "Inheritange", "Inheritange\Inheritange.csproj", "{742AD512-2A78-47D1-8BED-F2E0FB7E3C8D}"
EndProject
Global
	GlobalSection(SolutionConfigurationPlatforms) = preSolution
		Debug|Any CPU = Debug|Any CPU
		Release|Any CPU = Release|Any CPU
	EndGlobalSection
	GlobalSection(ProjectConfigurationPlatforms) = postSolution
		{742AD512-2A78-47D1-8BED-F2E0FB7E3C8D}.Debug|Any CPU.ActiveCfg = Debug|Any CPU
		{742AD512-2A78-47D1-8BED-F2E0FB7E3C8D}.Debug|Any CPU.Build.0 = Debug|Any CPU
		{742AD512-2A78-47D1-8BED-F2E0FB7E3C8D}.Release|Any CPU.ActiveCfg = Release|Any CPU
		{742AD512-2A78-47D1-8BED-F2E0FB7E3C8D}.Release|Any CPU.Build.0 = Release|Any CPU
	EndGlobalSection
	GlobalSection(SolutionProperties) = preSolution
		HideSolutionNode = FALSE
	EndGlobalSection
	GlobalSection(ExtensibilityGlobals) = postSolution
		SolutionGuid = {3DCCAD30-71F6-4A08-B94C-C0DBCA238C05}
	EndGlobalSection
EndGlobal
