
Microsoft Visual Studio Solution File, Format Version 12.00
# Visual Studio Version 17
VisualStudioVersion = 17.9.34616.47
MinimumVisualStudioVersion = 10.0.40219.1
Project("{FAE04EC0-301F-11D3-BF4B-00C04F79EFBC}") = "MiniStore.cs", "MiniStore.cs\MiniStore.cs.csproj", "{1A7769B3-F1C4-4D28-848D-23EFE366016C}"
EndProject
Global
	GlobalSection(SolutionConfigurationPlatforms) = preSolution
		Debug|Any CPU = Debug|Any CPU
		Release|Any CPU = Release|Any CPU
	EndGlobalSection
	GlobalSection(ProjectConfigurationPlatforms) = postSolution
		{1A7769B3-F1C4-4D28-848D-23EFE366016C}.Debug|Any CPU.ActiveCfg = Debug|Any CPU
		{1A7769B3-F1C4-4D28-848D-23EFE366016C}.Debug|Any CPU.Build.0 = Debug|Any CPU
		{1A7769B3-F1C4-4D28-848D-23EFE366016C}.Release|Any CPU.ActiveCfg = Release|Any CPU
		{1A7769B3-F1C4-4D28-848D-23EFE366016C}.Release|Any CPU.Build.0 = Release|Any CPU
	EndGlobalSection
	GlobalSection(SolutionProperties) = preSolution
		HideSolutionNode = FALSE
	EndGlobalSection
	GlobalSection(ExtensibilityGlobals) = postSolution
		SolutionGuid = {37AAA4D5-4219-4FEA-A8E3-E7410C4525D9}
	EndGlobalSection
EndGlobal
