
Microsoft Visual Studio Solution File, Format Version 12.00
# Visual Studio Version 17
VisualStudioVersion = 17.9.34616.47
MinimumVisualStudioVersion = 10.0.40219.1
Project("{FAE04EC0-301F-11D3-BF4B-00C04F79EFBC}") = "StudentForm", "StudentForm\StudentForm.csproj", "{568C3CDB-5191-49BE-BEFD-EEA26B99DE25}"
EndProject
Global
	GlobalSection(SolutionConfigurationPlatforms) = preSolution
		Debug|Any CPU = Debug|Any CPU
		Release|Any CPU = Release|Any CPU
	EndGlobalSection
	GlobalSection(ProjectConfigurationPlatforms) = postSolution
		{568C3CDB-5191-49BE-BEFD-EEA26B99DE25}.Debug|Any CPU.ActiveCfg = Debug|Any CPU
		{568C3CDB-5191-49BE-BEFD-EEA26B99DE25}.Debug|Any CPU.Build.0 = Debug|Any CPU
		{568C3CDB-5191-49BE-BEFD-EEA26B99DE25}.Release|Any CPU.ActiveCfg = Release|Any CPU
		{568C3CDB-5191-49BE-BEFD-EEA26B99DE25}.Release|Any CPU.Build.0 = Release|Any CPU
	EndGlobalSection
	GlobalSection(SolutionProperties) = preSolution
		HideSolutionNode = FALSE
	EndGlobalSection
	GlobalSection(ExtensibilityGlobals) = postSolution
		SolutionGuid = {2B79B112-6237-4B11-AABC-44BF746CC3E0}
	EndGlobalSection
EndGlobal
