
Microsoft Visual Studio Solution File, Format Version 12.00
# Visual Studio Version 17
VisualStudioVersion = 17.9.34616.47
MinimumVisualStudioVersion = 10.0.40219.1
Project("{FAE04EC0-301F-11D3-BF4B-00C04F79EFBC}") = "LastTask", "LastTask\LastTask.csproj", "{79E7538B-075F-48A6-AA05-53BD0400F5CF}"
EndProject
Global
	GlobalSection(SolutionConfigurationPlatforms) = preSolution
		Debug|Any CPU = Debug|Any CPU
		Release|Any CPU = Release|Any CPU
	EndGlobalSection
	GlobalSection(ProjectConfigurationPlatforms) = postSolution
		{79E7538B-075F-48A6-AA05-53BD0400F5CF}.Debug|Any CPU.ActiveCfg = Debug|Any CPU
		{79E7538B-075F-48A6-AA05-53BD0400F5CF}.Debug|Any CPU.Build.0 = Debug|Any CPU
		{79E7538B-075F-48A6-AA05-53BD0400F5CF}.Release|Any CPU.ActiveCfg = Release|Any CPU
		{79E7538B-075F-48A6-AA05-53BD0400F5CF}.Release|Any CPU.Build.0 = Release|Any CPU
	EndGlobalSection
	GlobalSection(SolutionProperties) = preSolution
		HideSolutionNode = FALSE
	EndGlobalSection
	GlobalSection(ExtensibilityGlobals) = postSolution
		SolutionGuid = {6740AFB1-4D2A-4559-BE14-10C9C57E4CF7}
	EndGlobalSection
EndGlobal
